
Microsoft Visual Studio Solution File, Format Version 12.00
# Visual Studio Version 16
VisualStudioVersion = 16.0.28714.193
MinimumVisualStudioVersion = 10.0.40219.1
Project("{FAE04EC0-301F-11D3-BF4B-00C04F79EFBC}") = "Blello", "Blello\Blello.csproj", "{88162025-2115-4648-96D3-C35B5A4BF365}"
EndProject
Global
	GlobalSection(SolutionConfigurationPlatforms) = preSolution
		Debug|Any CPU = Debug|Any CPU
		Release|Any CPU = Release|Any CPU
	EndGlobalSection
	GlobalSection(ProjectConfigurationPlatforms) = postSolution
		{88162025-2115-4648-96D3-C35B5A4BF365}.Debug|Any CPU.ActiveCfg = Debug|Any CPU
		{88162025-2115-4648-96D3-C35B5A4BF365}.Debug|Any CPU.Build.0 = Debug|Any CPU
		{88162025-2115-4648-96D3-C35B5A4BF365}.Release|Any CPU.ActiveCfg = Release|Any CPU
		{88162025-2115-4648-96D3-C35B5A4BF365}.Release|Any CPU.Build.0 = Release|Any CPU
	EndGlobalSection
	GlobalSection(SolutionProperties) = preSolution
		HideSolutionNode = FALSE
	EndGlobalSection
	GlobalSection(ExtensibilityGlobals) = postSolution
		SolutionGuid = {4D73CACB-D742-4941-8F6B-CF37526836FE}
	EndGlobalSection
EndGlobal
